
Microsoft Visual Studio Solution File, Format Version 12.00
# Visual Studio Version 16
VisualStudioVersion = 16.0.30413.136
MinimumVisualStudioVersion = 15.0.26124.0
Project("{FAE04EC0-301F-11D3-BF4B-00C04F79EFBC}") = "TestImplementationDecoupling.WebApi", "TestImplementationDecoupling.WebApi\TestImplementationDecoupling.WebApi.csproj", "{2C441A07-8C63-4EAB-8375-51715F12A58B}"
EndProject
Project("{FAE04EC0-301F-11D3-BF4B-00C04F79EFBC}") = "TestImplementationDecoupling.Services", "TestImplementationDecoupling.Services\TestImplementationDecoupling.Services.csproj", "{118B4B43-4EBD-4F1B-B77E-ACA068B606A5}"
EndProject
Project("{FAE04EC0-301F-11D3-BF4B-00C04F79EFBC}") = "TestImplementationDecoupling.Services.Abstractions", "TestImplementationDecoupling.Services.Abstractions\TestImplementationDecoupling.Services.Abstractions.csproj", "{2143044F-585A-476D-B158-C5C230DF8D2B}"
EndProject
Project("{FAE04EC0-301F-11D3-BF4B-00C04F79EFBC}") = "TestImplementationDecoupling.Tests", "TestImplementationDecoupling.Tests\TestImplementationDecoupling.Tests.csproj", "{0AC39926-A014-4428-857F-863EC3872ED4}"
EndProject
Project("{FAE04EC0-301F-11D3-BF4B-00C04F79EFBC}") = "TestImplementationDecoupling.ExternalCache", "TestImplementationDecoupling.ExternalCache\TestImplementationDecoupling.ExternalCache.csproj", "{BFC1E3F2-E865-4341-A2C6-7932B3EF41A0}"
EndProject
Global
	GlobalSection(SolutionConfigurationPlatforms) = preSolution
		Debug|Any CPU = Debug|Any CPU
		Debug|x64 = Debug|x64
		Debug|x86 = Debug|x86
		Release|Any CPU = Release|Any CPU
		Release|x64 = Release|x64
		Release|x86 = Release|x86
	EndGlobalSection
	GlobalSection(ProjectConfigurationPlatforms) = postSolution
		{2C441A07-8C63-4EAB-8375-51715F12A58B}.Debug|Any CPU.ActiveCfg = Debug|Any CPU
		{2C441A07-8C63-4EAB-8375-51715F12A58B}.Debug|Any CPU.Build.0 = Debug|Any CPU
		{2C441A07-8C63-4EAB-8375-51715F12A58B}.Debug|x64.ActiveCfg = Debug|Any CPU
		{2C441A07-8C63-4EAB-8375-51715F12A58B}.Debug|x64.Build.0 = Debug|Any CPU
		{2C441A07-8C63-4EAB-8375-51715F12A58B}.Debug|x86.ActiveCfg = Debug|Any CPU
		{2C441A07-8C63-4EAB-8375-51715F12A58B}.Debug|x86.Build.0 = Debug|Any CPU
		{2C441A07-8C63-4EAB-8375-51715F12A58B}.Release|Any CPU.ActiveCfg = Release|Any CPU
		{2C441A07-8C63-4EAB-8375-51715F12A58B}.Release|Any CPU.Build.0 = Release|Any CPU
		{2C441A07-8C63-4EAB-8375-51715F12A58B}.Release|x64.ActiveCfg = Release|Any CPU
		{2C441A07-8C63-4EAB-8375-51715F12A58B}.Release|x64.Build.0 = Release|Any CPU
		{2C441A07-8C63-4EAB-8375-51715F12A58B}.Release|x86.ActiveCfg = Release|Any CPU
		{2C441A07-8C63-4EAB-8375-51715F12A58B}.Release|x86.Build.0 = Release|Any CPU
		{118B4B43-4EBD-4F1B-B77E-ACA068B606A5}.Debug|Any CPU.ActiveCfg = Debug|Any CPU
		{118B4B43-4EBD-4F1B-B77E-ACA068B606A5}.Debug|Any CPU.Build.0 = Debug|Any CPU
		{118B4B43-4EBD-4F1B-B77E-ACA068B606A5}.Debug|x64.ActiveCfg = Debug|Any CPU
		{118B4B43-4EBD-4F1B-B77E-ACA068B606A5}.Debug|x64.Build.0 = Debug|Any CPU
		{118B4B43-4EBD-4F1B-B77E-ACA068B606A5}.Debug|x86.ActiveCfg = Debug|Any CPU
		{118B4B43-4EBD-4F1B-B77E-ACA068B606A5}.Debug|x86.Build.0 = Debug|Any CPU
		{118B4B43-4EBD-4F1B-B77E-ACA068B606A5}.Release|Any CPU.ActiveCfg = Release|Any CPU
		{118B4B43-4EBD-4F1B-B77E-ACA068B606A5}.Release|Any CPU.Build.0 = Release|Any CPU
		{118B4B43-4EBD-4F1B-B77E-ACA068B606A5}.Release|x64.ActiveCfg = Release|Any CPU
		{118B4B43-4EBD-4F1B-B77E-ACA068B606A5}.Release|x64.Build.0 = Release|Any CPU
		{118B4B43-4EBD-4F1B-B77E-ACA068B606A5}.Release|x86.ActiveCfg = Release|Any CPU
		{118B4B43-4EBD-4F1B-B77E-ACA068B606A5}.Release|x86.Build.0 = Release|Any CPU
		{2143044F-585A-476D-B158-C5C230DF8D2B}.Debug|Any CPU.ActiveCfg = Debug|Any CPU
		{2143044F-585A-476D-B158-C5C230DF8D2B}.Debug|Any CPU.Build.0 = Debug|Any CPU
		{2143044F-585A-476D-B158-C5C230DF8D2B}.Debug|x64.ActiveCfg = Debug|Any CPU
		{2143044F-585A-476D-B158-C5C230DF8D2B}.Debug|x64.Build.0 = Debug|Any CPU
		{2143044F-585A-476D-B158-C5C230DF8D2B}.Debug|x86.ActiveCfg = Debug|Any CPU
		{2143044F-585A-476D-B158-C5C230DF8D2B}.Debug|x86.Build.0 = Debug|Any CPU
		{2143044F-585A-476D-B158-C5C230DF8D2B}.Release|Any CPU.ActiveCfg = Release|Any CPU
		{2143044F-585A-476D-B158-C5C230DF8D2B}.Release|Any CPU.Build.0 = Release|Any CPU
		{2143044F-585A-476D-B158-C5C230DF8D2B}.Release|x64.ActiveCfg = Release|Any CPU
		{2143044F-585A-476D-B158-C5C230DF8D2B}.Release|x64.Build.0 = Release|Any CPU
		{2143044F-585A-476D-B158-C5C230DF8D2B}.Release|x86.ActiveCfg = Release|Any CPU
		{2143044F-585A-476D-B158-C5C230DF8D2B}.Release|x86.Build.0 = Release|Any CPU
		{0AC39926-A014-4428-857F-863EC3872ED4}.Debug|Any CPU.ActiveCfg = Debug|Any CPU
		{0AC39926-A014-4428-857F-863EC3872ED4}.Debug|Any CPU.Build.0 = Debug|Any CPU
		{0AC39926-A014-4428-857F-863EC3872ED4}.Debug|x64.ActiveCfg = Debug|Any CPU
		{0AC39926-A014-4428-857F-863EC3872ED4}.Debug|x64.Build.0 = Debug|Any CPU
		{0AC39926-A014-4428-857F-863EC3872ED4}.Debug|x86.ActiveCfg = Debug|Any CPU
		{0AC39926-A014-4428-857F-863EC3872ED4}.Debug|x86.Build.0 = Debug|Any CPU
		{0AC39926-A014-4428-857F-863EC3872ED4}.Release|Any CPU.ActiveCfg = Release|Any CPU
		{0AC39926-A014-4428-857F-863EC3872ED4}.Release|Any CPU.Build.0 = Release|Any CPU
		{0AC39926-A014-4428-857F-863EC3872ED4}.Release|x64.ActiveCfg = Release|Any CPU
		{0AC39926-A014-4428-857F-863EC3872ED4}.Release|x64.Build.0 = Release|Any CPU
		{0AC39926-A014-4428-857F-863EC3872ED4}.Release|x86.ActiveCfg = Release|Any CPU
		{0AC39926-A014-4428-857F-863EC3872ED4}.Release|x86.Build.0 = Release|Any CPU
		{BFC1E3F2-E865-4341-A2C6-7932B3EF41A0}.Debug|Any CPU.ActiveCfg = Debug|Any CPU
		{BFC1E3F2-E865-4341-A2C6-7932B3EF41A0}.Debug|Any CPU.Build.0 = Debug|Any CPU
		{BFC1E3F2-E865-4341-A2C6-7932B3EF41A0}.Debug|x64.ActiveCfg = Debug|Any CPU
		{BFC1E3F2-E865-4341-A2C6-7932B3EF41A0}.Debug|x64.Build.0 = Debug|Any CPU
		{BFC1E3F2-E865-4341-A2C6-7932B3EF41A0}.Debug|x86.ActiveCfg = Debug|Any CPU
		{BFC1E3F2-E865-4341-A2C6-7932B3EF41A0}.Debug|x86.Build.0 = Debug|Any CPU
		{BFC1E3F2-E865-4341-A2C6-7932B3EF41A0}.Release|Any CPU.ActiveCfg = Release|Any CPU
		{BFC1E3F2-E865-4341-A2C6-7932B3EF41A0}.Release|Any CPU.Build.0 = Release|Any CPU
		{BFC1E3F2-E865-4341-A2C6-7932B3EF41A0}.Release|x64.ActiveCfg = Release|Any CPU
		{BFC1E3F2-E865-4341-A2C6-7932B3EF41A0}.Release|x64.Build.0 = Release|Any CPU
		{BFC1E3F2-E865-4341-A2C6-7932B3EF41A0}.Release|x86.ActiveCfg = Release|Any CPU
		{BFC1E3F2-E865-4341-A2C6-7932B3EF41A0}.Release|x86.Build.0 = Release|Any CPU
	EndGlobalSection
	GlobalSection(SolutionProperties) = preSolution
		HideSolutionNode = FALSE
	EndGlobalSection
	GlobalSection(ExtensibilityGlobals) = postSolution
		SolutionGuid = {8C3ADB3C-CFFC-4E58-BD83-37C7C6C695F2}
	EndGlobalSection
EndGlobal
